
Microsoft Visual Studio Solution File, Format Version 12.00
# Visual Studio 15
VisualStudioVersion = 15.0.26730.12
MinimumVisualStudioVersion = 10.0.40219.1
Project("{FAE04EC0-301F-11D3-BF4B-00C04F79EFBC}") = "B2_1421050403_DuongTienHieu", "B2_1421050403_DuongTienHieu\B2_1421050403_DuongTienHieu.csproj", "{E7E4CE3D-5C58-48C9-BC04-F619B8E9270C}"
EndProject
Global
	GlobalSection(SolutionConfigurationPlatforms) = preSolution
		Debug|Any CPU = Debug|Any CPU
		Release|Any CPU = Release|Any CPU
	EndGlobalSection
	GlobalSection(ProjectConfigurationPlatforms) = postSolution
		{E7E4CE3D-5C58-48C9-BC04-F619B8E9270C}.Debug|Any CPU.ActiveCfg = Debug|Any CPU
		{E7E4CE3D-5C58-48C9-BC04-F619B8E9270C}.Debug|Any CPU.Build.0 = Debug|Any CPU
		{E7E4CE3D-5C58-48C9-BC04-F619B8E9270C}.Release|Any CPU.ActiveCfg = Release|Any CPU
		{E7E4CE3D-5C58-48C9-BC04-F619B8E9270C}.Release|Any CPU.Build.0 = Release|Any CPU
	EndGlobalSection
	GlobalSection(SolutionProperties) = preSolution
		HideSolutionNode = FALSE
	EndGlobalSection
	GlobalSection(ExtensibilityGlobals) = postSolution
		SolutionGuid = {8285BD4A-19F3-430E-A697-6B3D0C4E81A5}
	EndGlobalSection
EndGlobal
