
Microsoft Visual Studio Solution File, Format Version 12.00
# Visual Studio 15
VisualStudioVersion = 15.0.26730.12
MinimumVisualStudioVersion = 10.0.40219.1
Project("{FAE04EC0-301F-11D3-BF4B-00C04F79EFBC}") = "HRM", "HRM\HRM.csproj", "{4F83177B-EE40-48B9-AC0E-50E8FA48FD5F}"
EndProject
Global
	GlobalSection(SolutionConfigurationPlatforms) = preSolution
		Debug|Any CPU = Debug|Any CPU
		Release|Any CPU = Release|Any CPU
	EndGlobalSection
	GlobalSection(ProjectConfigurationPlatforms) = postSolution
		{4F83177B-EE40-48B9-AC0E-50E8FA48FD5F}.Debug|Any CPU.ActiveCfg = Debug|Any CPU
		{4F83177B-EE40-48B9-AC0E-50E8FA48FD5F}.Debug|Any CPU.Build.0 = Debug|Any CPU
		{4F83177B-EE40-48B9-AC0E-50E8FA48FD5F}.Release|Any CPU.ActiveCfg = Release|Any CPU
		{4F83177B-EE40-48B9-AC0E-50E8FA48FD5F}.Release|Any CPU.Build.0 = Release|Any CPU
	EndGlobalSection
	GlobalSection(SolutionProperties) = preSolution
		HideSolutionNode = FALSE
	EndGlobalSection
	GlobalSection(ExtensibilityGlobals) = postSolution
		SolutionGuid = {3D2F1D52-9657-403E-9EAA-A79034357899}
	EndGlobalSection
EndGlobal
