
Microsoft Visual Studio Solution File, Format Version 12.00
# Visual Studio 15
VisualStudioVersion = 15.0.26730.12
MinimumVisualStudioVersion = 10.0.40219.1
Project("{FAE04EC0-301F-11D3-BF4B-00C04F79EFBC}") = "hrm2017", "hrm2017\hrm2017.csproj", "{2E583EC5-4725-4C1D-B96F-0A04C14F6F3E}"
EndProject
Global
	GlobalSection(SolutionConfigurationPlatforms) = preSolution
		Debug|Any CPU = Debug|Any CPU
		Release|Any CPU = Release|Any CPU
	EndGlobalSection
	GlobalSection(ProjectConfigurationPlatforms) = postSolution
		{2E583EC5-4725-4C1D-B96F-0A04C14F6F3E}.Debug|Any CPU.ActiveCfg = Debug|Any CPU
		{2E583EC5-4725-4C1D-B96F-0A04C14F6F3E}.Debug|Any CPU.Build.0 = Debug|Any CPU
		{2E583EC5-4725-4C1D-B96F-0A04C14F6F3E}.Release|Any CPU.ActiveCfg = Release|Any CPU
		{2E583EC5-4725-4C1D-B96F-0A04C14F6F3E}.Release|Any CPU.Build.0 = Release|Any CPU
	EndGlobalSection
	GlobalSection(SolutionProperties) = preSolution
		HideSolutionNode = FALSE
	EndGlobalSection
	GlobalSection(ExtensibilityGlobals) = postSolution
		SolutionGuid = {26A9A55E-106E-4269-94F0-5E5BE8908951}
	EndGlobalSection
EndGlobal
